
Microsoft Visual Studio Solution File, Format Version 12.00
# Visual Studio Version 17
VisualStudioVersion = 17.2.32616.157
MinimumVisualStudioVersion = 10.0.40219.1
Project("{9A19103F-16F7-4668-BE54-9A1E7A4F7556}") = "ChessEngine", "ChessEngine\ChessEngine.csproj", "{08252212-2204-4EE8-A967-3D9C64B12998}"
EndProject
Project("{FAE04EC0-301F-11D3-BF4B-00C04F79EFBC}") = "Chess", "Chess\Chess.csproj", "{29B0EDF1-EF1B-40FC-A403-0429EAFEDEE7}"
EndProject
Global
	GlobalSection(SolutionConfigurationPlatforms) = preSolution
		Debug|Any CPU = Debug|Any CPU
		Release|Any CPU = Release|Any CPU
	EndGlobalSection
	GlobalSection(ProjectConfigurationPlatforms) = postSolution
		{08252212-2204-4EE8-A967-3D9C64B12998}.Debug|Any CPU.ActiveCfg = Debug|Any CPU
		{08252212-2204-4EE8-A967-3D9C64B12998}.Debug|Any CPU.Build.0 = Debug|Any CPU
		{08252212-2204-4EE8-A967-3D9C64B12998}.Release|Any CPU.ActiveCfg = Release|Any CPU
		{08252212-2204-4EE8-A967-3D9C64B12998}.Release|Any CPU.Build.0 = Release|Any CPU
		{29B0EDF1-EF1B-40FC-A403-0429EAFEDEE7}.Debug|Any CPU.ActiveCfg = Debug|Any CPU
		{29B0EDF1-EF1B-40FC-A403-0429EAFEDEE7}.Debug|Any CPU.Build.0 = Debug|Any CPU
		{29B0EDF1-EF1B-40FC-A403-0429EAFEDEE7}.Release|Any CPU.ActiveCfg = Release|Any CPU
		{29B0EDF1-EF1B-40FC-A403-0429EAFEDEE7}.Release|Any CPU.Build.0 = Release|Any CPU
	EndGlobalSection
	GlobalSection(SolutionProperties) = preSolution
		HideSolutionNode = FALSE
	EndGlobalSection
	GlobalSection(ExtensibilityGlobals) = postSolution
		SolutionGuid = {57773385-AE4A-476F-AA3E-C6C3B0C1269A}
	EndGlobalSection
EndGlobal
